// !$*UTF8*$!
{
	archiveVersion = 1;
	classes = {
	};
	objectVersion = 46;
	objects = {

/* Begin PBXBuildFile section */
		C0D420A61C13769B00A9EF85 /* PostgreSQL.framework in Frameworks */ = {isa = PBXBuildFile; fileRef = C0D4209B1C13769B00A9EF85 /* PostgreSQL.framework */; };
		C0D4210A1C138C5B00A9EF85 /* libpq.framework in Frameworks */ = {isa = PBXBuildFile; fileRef = C0D421091C138C5B00A9EF85 /* libpq.framework */; };
		C0F648971C25F49900A7ABDE /* Byteswap.swift in Sources */ = {isa = PBXBuildFile; fileRef = C0F648901C25F49900A7ABDE /* Byteswap.swift */; };
		C0F648981C25F49900A7ABDE /* Query.swift in Sources */ = {isa = PBXBuildFile; fileRef = C0F648911C25F49900A7ABDE /* Query.swift */; };
		C0F648991C25F49900A7ABDE /* QueryResult.swift in Sources */ = {isa = PBXBuildFile; fileRef = C0F648921C25F49900A7ABDE /* QueryResult.swift */; };
		C0F6489A1C25F49900A7ABDE /* QueryResultRow.swift in Sources */ = {isa = PBXBuildFile; fileRef = C0F648931C25F49900A7ABDE /* QueryResultRow.swift */; };
		C0F6489B1C25F49900A7ABDE /* Connection.swift in Sources */ = {isa = PBXBuildFile; fileRef = C0F648941C25F49900A7ABDE /* Connection.swift */; };
		C0F6489C1C25F49900A7ABDE /* ConnectionParameters.swift in Sources */ = {isa = PBXBuildFile; fileRef = C0F648951C25F49900A7ABDE /* ConnectionParameters.swift */; };
		C0F6489D1C25F49900A7ABDE /* Database.swift in Sources */ = {isa = PBXBuildFile; fileRef = C0F648961C25F49900A7ABDE /* Database.swift */; };
		C0F648AD1C25F52500A7ABDE /* PostgreSQL.h in Headers */ = {isa = PBXBuildFile; fileRef = C0F648AA1C25F52500A7ABDE /* PostgreSQL.h */; settings = {ATTRIBUTES = (Public, ); }; };
		C0F648AF1C25F57700A7ABDE /* ConnectionSpec.swift in Sources */ = {isa = PBXBuildFile; fileRef = C0F648A21C25F4FF00A7ABDE /* ConnectionSpec.swift */; };
		C0F648B01C25F57700A7ABDE /* QueryResultSpec.swift in Sources */ = {isa = PBXBuildFile; fileRef = C0F648A31C25F4FF00A7ABDE /* QueryResultSpec.swift */; };
		C0F648B11C25F57700A7ABDE /* DatabaseSpec.swift in Sources */ = {isa = PBXBuildFile; fileRef = C0F648A41C25F4FF00A7ABDE /* DatabaseSpec.swift */; };
		D170C83602BFF353FC029ED5 /* Pods.framework in Frameworks */ = {isa = PBXBuildFile; fileRef = 17E9AC86EF1FDB033AC8C828 /* Pods.framework */; };
/* End PBXBuildFile section */

/* Begin PBXContainerItemProxy section */
		C0D420A71C13769B00A9EF85 /* PBXContainerItemProxy */ = {
			isa = PBXContainerItemProxy;
			containerPortal = C0D420921C13769B00A9EF85 /* Project object */;
			proxyType = 1;
			remoteGlobalIDString = C0D4209A1C13769B00A9EF85;
			remoteInfo = PostgreSQL;
		};
/* End PBXContainerItemProxy section */

/* Begin PBXFileReference section */
		17E9AC86EF1FDB033AC8C828 /* Pods.framework */ = {isa = PBXFileReference; explicitFileType = wrapper.framework; includeInIndex = 0; path = Pods.framework; sourceTree = BUILT_PRODUCTS_DIR; };
		707CBAEE41A9F264E256E4CA /* Pods.release.xcconfig */ = {isa = PBXFileReference; includeInIndex = 1; lastKnownFileType = text.xcconfig; name = Pods.release.xcconfig; path = "Pods/Target Support Files/Pods/Pods.release.xcconfig"; sourceTree = "<group>"; };
		AD1168C2B49409CAE9F17829 /* Pods.debug.xcconfig */ = {isa = PBXFileReference; includeInIndex = 1; lastKnownFileType = text.xcconfig; name = Pods.debug.xcconfig; path = "Pods/Target Support Files/Pods/Pods.debug.xcconfig"; sourceTree = "<group>"; };
		C0D4209B1C13769B00A9EF85 /* PostgreSQL.framework */ = {isa = PBXFileReference; explicitFileType = wrapper.framework; includeInIndex = 0; path = PostgreSQL.framework; sourceTree = BUILT_PRODUCTS_DIR; };
		C0D420A51C13769B00A9EF85 /* PostgreSQLTests.xctest */ = {isa = PBXFileReference; explicitFileType = wrapper.cfbundle; includeInIndex = 0; path = PostgreSQLTests.xctest; sourceTree = BUILT_PRODUCTS_DIR; };
		C0D421091C138C5B00A9EF85 /* libpq.framework */ = {isa = PBXFileReference; lastKnownFileType = wrapper.framework; path = libpq.framework; sourceTree = "<group>"; };
		C0F648901C25F49900A7ABDE /* Byteswap.swift */ = {isa = PBXFileReference; fileEncoding = 4; lastKnownFileType = sourcecode.swift; path = Byteswap.swift; sourceTree = "<group>"; };
		C0F648911C25F49900A7ABDE /* Query.swift */ = {isa = PBXFileReference; fileEncoding = 4; lastKnownFileType = sourcecode.swift; path = Query.swift; sourceTree = "<group>"; };
		C0F648921C25F49900A7ABDE /* QueryResult.swift */ = {isa = PBXFileReference; fileEncoding = 4; lastKnownFileType = sourcecode.swift; path = QueryResult.swift; sourceTree = "<group>"; };
		C0F648931C25F49900A7ABDE /* QueryResultRow.swift */ = {isa = PBXFileReference; fileEncoding = 4; lastKnownFileType = sourcecode.swift; path = QueryResultRow.swift; sourceTree = "<group>"; };
		C0F648941C25F49900A7ABDE /* Connection.swift */ = {isa = PBXFileReference; fileEncoding = 4; lastKnownFileType = sourcecode.swift; path = Connection.swift; sourceTree = "<group>"; };
		C0F648951C25F49900A7ABDE /* ConnectionParameters.swift */ = {isa = PBXFileReference; fileEncoding = 4; lastKnownFileType = sourcecode.swift; path = ConnectionParameters.swift; sourceTree = "<group>"; };
		C0F648961C25F49900A7ABDE /* Database.swift */ = {isa = PBXFileReference; fileEncoding = 4; lastKnownFileType = sourcecode.swift; path = Database.swift; sourceTree = "<group>"; };
		C0F648A21C25F4FF00A7ABDE /* ConnectionSpec.swift */ = {isa = PBXFileReference; fileEncoding = 4; lastKnownFileType = sourcecode.swift; path = ConnectionSpec.swift; sourceTree = "<group>"; };
		C0F648A31C25F4FF00A7ABDE /* QueryResultSpec.swift */ = {isa = PBXFileReference; fileEncoding = 4; lastKnownFileType = sourcecode.swift; path = QueryResultSpec.swift; sourceTree = "<group>"; };
		C0F648A41C25F4FF00A7ABDE /* DatabaseSpec.swift */ = {isa = PBXFileReference; fileEncoding = 4; lastKnownFileType = sourcecode.swift; path = DatabaseSpec.swift; sourceTree = "<group>"; };
		C0F648A91C25F52500A7ABDE /* PostgreSQL Info.plist */ = {isa = PBXFileReference; fileEncoding = 4; lastKnownFileType = text.plist.xml; path = "PostgreSQL Info.plist"; sourceTree = "<group>"; };
		C0F648AA1C25F52500A7ABDE /* PostgreSQL.h */ = {isa = PBXFileReference; fileEncoding = 4; lastKnownFileType = sourcecode.c.h; path = PostgreSQL.h; sourceTree = "<group>"; };
		C0F648AB1C25F52500A7ABDE /* PostgreSQLTests Info.plist */ = {isa = PBXFileReference; fileEncoding = 4; lastKnownFileType = text.plist.xml; path = "PostgreSQLTests Info.plist"; sourceTree = "<group>"; };
/* End PBXFileReference section */

/* Begin PBXFrameworksBuildPhase section */
		C0D420971C13769B00A9EF85 /* Frameworks */ = {
			isa = PBXFrameworksBuildPhase;
			buildActionMask = 2147483647;
			files = (
				D170C83602BFF353FC029ED5 /* Pods.framework in Frameworks */,
				C0D4210A1C138C5B00A9EF85 /* libpq.framework in Frameworks */,
			);
			runOnlyForDeploymentPostprocessing = 0;
		};
		C0D420A21C13769B00A9EF85 /* Frameworks */ = {
			isa = PBXFrameworksBuildPhase;
			buildActionMask = 2147483647;
			files = (
				C0D420A61C13769B00A9EF85 /* PostgreSQL.framework in Frameworks */,
			);
			runOnlyForDeploymentPostprocessing = 0;
		};
/* End PBXFrameworksBuildPhase section */

/* Begin PBXGroup section */
		31A77408FDD2AEB75B25A367 /* Pods */ = {
			isa = PBXGroup;
			children = (
				AD1168C2B49409CAE9F17829 /* Pods.debug.xcconfig */,
				707CBAEE41A9F264E256E4CA /* Pods.release.xcconfig */,
			);
			name = Pods;
			sourceTree = "<group>";
		};
		C0D420911C13769B00A9EF85 = {
			isa = PBXGroup;
			children = (
				C0D4209D1C13769B00A9EF85 /* Sources */,
				C0D420A91C13769B00A9EF85 /* Tests */,
				C0F648A81C25F52500A7ABDE /* Supporting Files */,
				C0D4209C1C13769B00A9EF85 /* Products */,
				C0D420B71C1376BB00A9EF85 /* Frameworks */,
				31A77408FDD2AEB75B25A367 /* Pods */,
			);
			sourceTree = "<group>";
		};
		C0D4209C1C13769B00A9EF85 /* Products */ = {
			isa = PBXGroup;
			children = (
				C0D4209B1C13769B00A9EF85 /* PostgreSQL.framework */,
				C0D420A51C13769B00A9EF85 /* PostgreSQLTests.xctest */,
			);
			name = Products;
			sourceTree = "<group>";
		};
		C0D4209D1C13769B00A9EF85 /* Sources */ = {
			isa = PBXGroup;
			children = (
				C0F648901C25F49900A7ABDE /* Byteswap.swift */,
				C0F648941C25F49900A7ABDE /* Connection.swift */,
				C0F648951C25F49900A7ABDE /* ConnectionParameters.swift */,
				C0F648961C25F49900A7ABDE /* Database.swift */,
				C0F648911C25F49900A7ABDE /* Query.swift */,
				C0F648921C25F49900A7ABDE /* QueryResult.swift */,
				C0F648931C25F49900A7ABDE /* QueryResultRow.swift */,
			);
			name = Sources;
			path = ../Sources;
			sourceTree = "<group>";
		};
		C0D420A91C13769B00A9EF85 /* Tests */ = {
			isa = PBXGroup;
			children = (
				C0F648A21C25F4FF00A7ABDE /* ConnectionSpec.swift */,
				C0F648A31C25F4FF00A7ABDE /* QueryResultSpec.swift */,
				C0F648A41C25F4FF00A7ABDE /* DatabaseSpec.swift */,
			);
			name = Tests;
			path = ../Tests;
			sourceTree = "<group>";
		};
		C0D420B71C1376BB00A9EF85 /* Frameworks */ = {
			isa = PBXGroup;
			children = (
				C0D421091C138C5B00A9EF85 /* libpq.framework */,
				17E9AC86EF1FDB033AC8C828 /* Pods.framework */,
			);
			name = Frameworks;
			sourceTree = "<group>";
		};
		C0F648A81C25F52500A7ABDE /* Supporting Files */ = {
			isa = PBXGroup;
			children = (
				C0F648A91C25F52500A7ABDE /* PostgreSQL Info.plist */,
				C0F648AA1C25F52500A7ABDE /* PostgreSQL.h */,
				C0F648AB1C25F52500A7ABDE /* PostgreSQLTests Info.plist */,
			);
			path = "Supporting Files";
			sourceTree = "<group>";
		};
/* End PBXGroup section */

/* Begin PBXHeadersBuildPhase section */
		C0D420981C13769B00A9EF85 /* Headers */ = {
			isa = PBXHeadersBuildPhase;
			buildActionMask = 2147483647;
			files = (
				C0F648AD1C25F52500A7ABDE /* PostgreSQL.h in Headers */,
			);
			runOnlyForDeploymentPostprocessing = 0;
		};
/* End PBXHeadersBuildPhase section */

/* Begin PBXNativeTarget section */
		C0D4209A1C13769B00A9EF85 /* PostgreSQL */ = {
			isa = PBXNativeTarget;
			buildConfigurationList = C0D420AF1C13769B00A9EF85 /* Build configuration list for PBXNativeTarget "PostgreSQL" */;
			buildPhases = (
				4B8B6311AEDE610201959ABB /* Check Pods Manifest.lock */,
				C0D420961C13769B00A9EF85 /* Sources */,
				C0D420971C13769B00A9EF85 /* Frameworks */,
				C0D420981C13769B00A9EF85 /* Headers */,
				C0D420991C13769B00A9EF85 /* Resources */,
				18009599958E89F3EDEA22EE /* Copy Pods Resources */,
				C0D4210D1C138D9800A9EF85 /* Run Script */,
			);
			buildRules = (
			);
			dependencies = (
			);
			name = PostgreSQL;
			productName = PostgreSQL;
			productReference = C0D4209B1C13769B00A9EF85 /* PostgreSQL.framework */;
			productType = "com.apple.product-type.framework";
		};
		C0D420A41C13769B00A9EF85 /* PostgreSQLTests */ = {
			isa = PBXNativeTarget;
			buildConfigurationList = C0D420B21C13769B00A9EF85 /* Build configuration list for PBXNativeTarget "PostgreSQLTests" */;
			buildPhases = (
				C0D420A11C13769B00A9EF85 /* Sources */,
				C0D420A21C13769B00A9EF85 /* Frameworks */,
				C0D420A31C13769B00A9EF85 /* Resources */,
			);
			buildRules = (
			);
			dependencies = (
				C0D420A81C13769B00A9EF85 /* PBXTargetDependency */,
			);
			name = PostgreSQLTests;
			productName = PostgreSQLTests;
			productReference = C0D420A51C13769B00A9EF85 /* PostgreSQLTests.xctest */;
			productType = "com.apple.product-type.bundle.unit-test";
		};
/* End PBXNativeTarget section */

/* Begin PBXProject section */
		C0D420921C13769B00A9EF85 /* Project object */ = {
			isa = PBXProject;
			attributes = {
				LastSwiftUpdateCheck = 0720;
				LastUpgradeCheck = 0710;
				ORGANIZATIONNAME = "Stepan Hruda";
				TargetAttributes = {
					C0D4209A1C13769B00A9EF85 = {
						CreatedOnToolsVersion = 7.1.1;
					};
					C0D420A41C13769B00A9EF85 = {
						CreatedOnToolsVersion = 7.1.1;
					};
				};
			};
			buildConfigurationList = C0D420951C13769B00A9EF85 /* Build configuration list for PBXProject "PostgreSQL" */;
			compatibilityVersion = "Xcode 3.2";
			developmentRegion = English;
			hasScannedForEncodings = 0;
			knownRegions = (
				en,
			);
			mainGroup = C0D420911C13769B00A9EF85;
			productRefGroup = C0D4209C1C13769B00A9EF85 /* Products */;
			projectDirPath = "";
			projectRoot = "";
			targets = (
				C0D4209A1C13769B00A9EF85 /* PostgreSQL */,
				C0D420A41C13769B00A9EF85 /* PostgreSQLTests */,
			);
		};
/* End PBXProject section */

/* Begin PBXResourcesBuildPhase section */
		C0D420991C13769B00A9EF85 /* Resources */ = {
			isa = PBXResourcesBuildPhase;
			buildActionMask = 2147483647;
			files = (
			);
			runOnlyForDeploymentPostprocessing = 0;
		};
		C0D420A31C13769B00A9EF85 /* Resources */ = {
			isa = PBXResourcesBuildPhase;
			buildActionMask = 2147483647;
			files = (
			);
			runOnlyForDeploymentPostprocessing = 0;
		};
/* End PBXResourcesBuildPhase section */

/* Begin PBXShellScriptBuildPhase section */
		18009599958E89F3EDEA22EE /* Copy Pods Resources */ = {
			isa = PBXShellScriptBuildPhase;
			buildActionMask = 2147483647;
			files = (
			);
			inputPaths = (
			);
			name = "Copy Pods Resources";
			outputPaths = (
			);
			runOnlyForDeploymentPostprocessing = 0;
			shellPath = /bin/sh;
			shellScript = "\"${SRCROOT}/Pods/Target Support Files/Pods/Pods-resources.sh\"\n";
			showEnvVarsInLog = 0;
		};
		4B8B6311AEDE610201959ABB /* Check Pods Manifest.lock */ = {
			isa = PBXShellScriptBuildPhase;
			buildActionMask = 2147483647;
			files = (
			);
			inputPaths = (
			);
			name = "Check Pods Manifest.lock";
			outputPaths = (
			);
			runOnlyForDeploymentPostprocessing = 0;
			shellPath = /bin/sh;
			shellScript = "diff \"${PODS_ROOT}/../Podfile.lock\" \"${PODS_ROOT}/Manifest.lock\" > /dev/null\nif [[ $? != 0 ]] ; then\n    cat << EOM\nerror: The sandbox is not in sync with the Podfile.lock. Run 'pod install' or update your CocoaPods installation.\nEOM\n    exit 1\nfi\n";
			showEnvVarsInLog = 0;
		};
		C0D4210D1C138D9800A9EF85 /* Run Script */ = {
			isa = PBXShellScriptBuildPhase;
			buildActionMask = 2147483647;
			files = (
			);
			inputPaths = (
			);
			name = "Run Script";
			outputPaths = (
			);
			runOnlyForDeploymentPostprocessing = 0;
			shellPath = /bin/sh;
			shellScript = "cp -r \"${PROJECT_DIR}/libpq.framework\" \"${BUILT_PRODUCTS_DIR}/libpq.framework\"\n";
		};
/* End PBXShellScriptBuildPhase section */

/* Begin PBXSourcesBuildPhase section */
		C0D420961C13769B00A9EF85 /* Sources */ = {
			isa = PBXSourcesBuildPhase;
			buildActionMask = 2147483647;
			files = (
				C0F6489A1C25F49900A7ABDE /* QueryResultRow.swift in Sources */,
				C0F6489C1C25F49900A7ABDE /* ConnectionParameters.swift in Sources */,
				C0F648991C25F49900A7ABDE /* QueryResult.swift in Sources */,
				C0F6489B1C25F49900A7ABDE /* Connection.swift in Sources */,
				C0F648981C25F49900A7ABDE /* Query.swift in Sources */,
				C0F6489D1C25F49900A7ABDE /* Database.swift in Sources */,
				C0F648971C25F49900A7ABDE /* Byteswap.swift in Sources */,
			);
			runOnlyForDeploymentPostprocessing = 0;
		};
		C0D420A11C13769B00A9EF85 /* Sources */ = {
			isa = PBXSourcesBuildPhase;
			buildActionMask = 2147483647;
			files = (
				C0F648B11C25F57700A7ABDE /* DatabaseSpec.swift in Sources */,
				C0F648B01C25F57700A7ABDE /* QueryResultSpec.swift in Sources */,
				C0F648AF1C25F57700A7ABDE /* ConnectionSpec.swift in Sources */,
			);
			runOnlyForDeploymentPostprocessing = 0;
		};
/* End PBXSourcesBuildPhase section */

/* Begin PBXTargetDependency section */
		C0D420A81C13769B00A9EF85 /* PBXTargetDependency */ = {
			isa = PBXTargetDependency;
			target = C0D4209A1C13769B00A9EF85 /* PostgreSQL */;
			targetProxy = C0D420A71C13769B00A9EF85 /* PBXContainerItemProxy */;
		};
/* End PBXTargetDependency section */

/* Begin XCBuildConfiguration section */
		C0D420AD1C13769B00A9EF85 /* Debug */ = {
			isa = XCBuildConfiguration;
			buildSettings = {
				ALWAYS_SEARCH_USER_PATHS = NO;
				CLANG_CXX_LANGUAGE_STANDARD = "gnu++0x";
				CLANG_CXX_LIBRARY = "libc++";
				CLANG_ENABLE_MODULES = YES;
				CLANG_ENABLE_OBJC_ARC = YES;
				CLANG_WARN_BOOL_CONVERSION = YES;
				CLANG_WARN_CONSTANT_CONVERSION = YES;
				CLANG_WARN_DIRECT_OBJC_ISA_USAGE = YES_ERROR;
				CLANG_WARN_EMPTY_BODY = YES;
				CLANG_WARN_ENUM_CONVERSION = YES;
				CLANG_WARN_INT_CONVERSION = YES;
				CLANG_WARN_OBJC_ROOT_CLASS = YES_ERROR;
				CLANG_WARN_UNREACHABLE_CODE = YES;
				CLANG_WARN__DUPLICATE_METHOD_MATCH = YES;
				CODE_SIGN_IDENTITY = "-";
				COPY_PHASE_STRIP = NO;
				CURRENT_PROJECT_VERSION = 1;
				DEBUG_INFORMATION_FORMAT = dwarf;
				ENABLE_STRICT_OBJC_MSGSEND = YES;
				ENABLE_TESTABILITY = YES;
				GCC_C_LANGUAGE_STANDARD = gnu99;
				GCC_DYNAMIC_NO_PIC = NO;
				GCC_NO_COMMON_BLOCKS = YES;
				GCC_OPTIMIZATION_LEVEL = 0;
				GCC_PREPROCESSOR_DEFINITIONS = (
					"DEBUG=1",
					"$(inherited)",
				);
				GCC_WARN_64_TO_32_BIT_CONVERSION = YES;
				GCC_WARN_ABOUT_RETURN_TYPE = YES_ERROR;
				GCC_WARN_UNDECLARED_SELECTOR = YES;
				GCC_WARN_UNINITIALIZED_AUTOS = YES_AGGRESSIVE;
				GCC_WARN_UNUSED_FUNCTION = YES;
				GCC_WARN_UNUSED_VARIABLE = YES;
				MACOSX_DEPLOYMENT_TARGET = 10.11;
				MTL_ENABLE_DEBUG_INFO = YES;
				ONLY_ACTIVE_ARCH = YES;
				SDKROOT = macosx;
				SWIFT_OPTIMIZATION_LEVEL = "-Onone";
				VERSIONING_SYSTEM = "apple-generic";
				VERSION_INFO_PREFIX = "";
			};
			name = Debug;
		};
		C0D420AE1C13769B00A9EF85 /* Release */ = {
			isa = XCBuildConfiguration;
			buildSettings = {
				ALWAYS_SEARCH_USER_PATHS = NO;
				CLANG_CXX_LANGUAGE_STANDARD = "gnu++0x";
				CLANG_CXX_LIBRARY = "libc++";
				CLANG_ENABLE_MODULES = YES;
				CLANG_ENABLE_OBJC_ARC = YES;
				CLANG_WARN_BOOL_CONVERSION = YES;
				CLANG_WARN_CONSTANT_CONVERSION = YES;
				CLANG_WARN_DIRECT_OBJC_ISA_USAGE = YES_ERROR;
				CLANG_WARN_EMPTY_BODY = YES;
				CLANG_WARN_ENUM_CONVERSION = YES;
				CLANG_WARN_INT_CONVERSION = YES;
				CLANG_WARN_OBJC_ROOT_CLASS = YES_ERROR;
				CLANG_WARN_UNREACHABLE_CODE = YES;
				CLANG_WARN__DUPLICATE_METHOD_MATCH = YES;
				CODE_SIGN_IDENTITY = "-";
				COPY_PHASE_STRIP = NO;
				CURRENT_PROJECT_VERSION = 1;
				DEBUG_INFORMATION_FORMAT = "dwarf-with-dsym";
				ENABLE_NS_ASSERTIONS = NO;
				ENABLE_STRICT_OBJC_MSGSEND = YES;
				GCC_C_LANGUAGE_STANDARD = gnu99;
				GCC_NO_COMMON_BLOCKS = YES;
				GCC_WARN_64_TO_32_BIT_CONVERSION = YES;
				GCC_WARN_ABOUT_RETURN_TYPE = YES_ERROR;
				GCC_WARN_UNDECLARED_SELECTOR = YES;
				GCC_WARN_UNINITIALIZED_AUTOS = YES_AGGRESSIVE;
				GCC_WARN_UNUSED_FUNCTION = YES;
				GCC_WARN_UNUSED_VARIABLE = YES;
				MACOSX_DEPLOYMENT_TARGET = 10.11;
				MTL_ENABLE_DEBUG_INFO = NO;
				SDKROOT = macosx;
				VERSIONING_SYSTEM = "apple-generic";
				VERSION_INFO_PREFIX = "";
			};
			name = Release;
		};
		C0D420B01C13769B00A9EF85 /* Debug */ = {
			isa = XCBuildConfiguration;
			baseConfigurationReference = AD1168C2B49409CAE9F17829 /* Pods.debug.xcconfig */;
			buildSettings = {
				CLANG_ENABLE_MODULES = YES;
				COMBINE_HIDPI_IMAGES = YES;
				DEFINES_MODULE = YES;
				DYLIB_COMPATIBILITY_VERSION = 1;
				DYLIB_CURRENT_VERSION = 1;
				DYLIB_INSTALL_NAME_BASE = "@rpath";
				FRAMEWORK_SEARCH_PATHS = (
					"$(inherited)",
					"$(PROJECT_DIR)",
				);
				FRAMEWORK_VERSION = A;
				INFOPLIST_FILE = "Supporting Files/PostgreSQL Info.plist";
				INSTALL_PATH = "$(LOCAL_LIBRARY_DIR)/Frameworks";
				LD_RUNPATH_SEARCH_PATHS = "$(inherited) @executable_path/../Frameworks @loader_path/Frameworks";
				MACOSX_DEPLOYMENT_TARGET = 10.10;
				PRODUCT_BUNDLE_IDENTIFIER = technology.stepan.PostgreSQL;
				PRODUCT_NAME = PostgreSQL;
				SKIP_INSTALL = YES;
				SWIFT_OPTIMIZATION_LEVEL = "-Onone";
			};
			name = Debug;
		};
		C0D420B11C13769B00A9EF85 /* Release */ = {
			isa = XCBuildConfiguration;
			baseConfigurationReference = 707CBAEE41A9F264E256E4CA /* Pods.release.xcconfig */;
			buildSettings = {
				CLANG_ENABLE_MODULES = YES;
				COMBINE_HIDPI_IMAGES = YES;
				DEFINES_MODULE = YES;
				DYLIB_COMPATIBILITY_VERSION = 1;
				DYLIB_CURRENT_VERSION = 1;
				DYLIB_INSTALL_NAME_BASE = "@rpath";
				FRAMEWORK_SEARCH_PATHS = (
					"$(inherited)",
					"$(PROJECT_DIR)",
				);
				FRAMEWORK_VERSION = A;
				INFOPLIST_FILE = "Supporting Files/PostgreSQL Info.plist";
				INSTALL_PATH = "$(LOCAL_LIBRARY_DIR)/Frameworks";
				LD_RUNPATH_SEARCH_PATHS = "$(inherited) @executable_path/../Frameworks @loader_path/Frameworks";
				MACOSX_DEPLOYMENT_TARGET = 10.10;
				PRODUCT_BUNDLE_IDENTIFIER = technology.stepan.PostgreSQL;
				PRODUCT_NAME = PostgreSQL;
				SKIP_INSTALL = YES;
			};
			name = Release;
		};
		C0D420B31C13769B00A9EF85 /* Debug */ = {
			isa = XCBuildConfiguration;
			buildSettings = {
				CLANG_ENABLE_MODULES = YES;
				COMBINE_HIDPI_IMAGES = YES;
				FRAMEWORK_SEARCH_PATHS = (
					"$(inherited)",
					"$(PROJECT_DIR)",
				);
				INFOPLIST_FILE = "Supporting Files/PostgreSQLTests Info.plist";
				LD_RUNPATH_SEARCH_PATHS = "$(inherited) @executable_path/../Frameworks @loader_path/../Frameworks";
				PRODUCT_BUNDLE_IDENTIFIER = technology.stepan.PostgreSQLTests;
				PRODUCT_NAME = PostgreSQLTests;
				SWIFT_OPTIMIZATION_LEVEL = "-Onone";
			};
			name = Debug;
		};
		C0D420B41C13769B00A9EF85 /* Release */ = {
			isa = XCBuildConfiguration;
			buildSettings = {
				CLANG_ENABLE_MODULES = YES;
				COMBINE_HIDPI_IMAGES = YES;
				FRAMEWORK_SEARCH_PATHS = (
					"$(inherited)",
					"$(PROJECT_DIR)",
				);
				INFOPLIST_FILE = "Supporting Files/PostgreSQLTests Info.plist";
				LD_RUNPATH_SEARCH_PATHS = "$(inherited) @executable_path/../Frameworks @loader_path/../Frameworks";
				PRODUCT_BUNDLE_IDENTIFIER = technology.stepan.PostgreSQLTests;
				PRODUCT_NAME = PostgreSQLTests;
			};
			name = Release;
		};
/* End XCBuildConfiguration section */

/* Begin XCConfigurationList section */
		C0D420951C13769B00A9EF85 /* Build configuration list for PBXProject "PostgreSQL" */ = {
			isa = XCConfigurationList;
			buildConfigurations = (
				C0D420AD1C13769B00A9EF85 /* Debug */,
				C0D420AE1C13769B00A9EF85 /* Release */,
			);
			defaultConfigurationIsVisible = 0;
			defaultConfigurationName = Release;
		};
		C0D420AF1C13769B00A9EF85 /* Build configuration list for PBXNativeTarget "PostgreSQL" */ = {
			isa = XCConfigurationList;
			buildConfigurations = (
				C0D420B01C13769B00A9EF85 /* Debug */,
				C0D420B11C13769B00A9EF85 /* Release */,
			);
			defaultConfigurationIsVisible = 0;
			defaultConfigurationName = Release;
		};
		C0D420B21C13769B00A9EF85 /* Build configuration list for PBXNativeTarget "PostgreSQLTests" */ = {
			isa = XCConfigurationList;
			buildConfigurations = (
				C0D420B31C13769B00A9EF85 /* Debug */,
				C0D420B41C13769B00A9EF85 /* Release */,
			);
			defaultConfigurationIsVisible = 0;
			defaultConfigurationName = Release;
		};
/* End XCConfigurationList section */
	};
	rootObject = C0D420921C13769B00A9EF85 /* Project object */;
}
