// !$*UTF8*$!
{
	archiveVersion = 1;
	classes = {
	};
	objectVersion = 46;
	objects = {

/* Begin PBXBuildFile section */
		C05EFC4F1C167F4C00B27E57 /* Connection.swift in Sources */ = {isa = PBXBuildFile; fileRef = C05EFC4A1C167F4C00B27E57 /* Connection.swift */; };
		C05EFC501C167F4C00B27E57 /* ConnectionParameters.swift in Sources */ = {isa = PBXBuildFile; fileRef = C05EFC4B1C167F4C00B27E57 /* ConnectionParameters.swift */; };
		C05EFC511C167F4C00B27E57 /* Database.swift in Sources */ = {isa = PBXBuildFile; fileRef = C05EFC4C1C167F4C00B27E57 /* Database.swift */; };
		C05EFC521C167F4C00B27E57 /* Query.swift in Sources */ = {isa = PBXBuildFile; fileRef = C05EFC4D1C167F4C00B27E57 /* Query.swift */; };
		C05EFC531C167F4C00B27E57 /* QueryResult.swift in Sources */ = {isa = PBXBuildFile; fileRef = C05EFC4E1C167F4C00B27E57 /* QueryResult.swift */; };
		C0D4209F1C13769B00A9EF85 /* Elephant.h in Headers */ = {isa = PBXBuildFile; fileRef = C0D4209E1C13769B00A9EF85 /* Elephant.h */; settings = {ATTRIBUTES = (Public, ); }; };
		C0D420A61C13769B00A9EF85 /* Elephant.framework in Frameworks */ = {isa = PBXBuildFile; fileRef = C0D4209B1C13769B00A9EF85 /* Elephant.framework */; };
		C0D4210A1C138C5B00A9EF85 /* libpq.framework in Frameworks */ = {isa = PBXBuildFile; fileRef = C0D421091C138C5B00A9EF85 /* libpq.framework */; };
		C0D421201C1491D900A9EF85 /* ConnectionSpec.swift in Sources */ = {isa = PBXBuildFile; fileRef = C0D4211E1C1491D900A9EF85 /* ConnectionSpec.swift */; };
		C0D421211C1491D900A9EF85 /* DatabaseSpec.swift in Sources */ = {isa = PBXBuildFile; fileRef = C0D4211F1C1491D900A9EF85 /* DatabaseSpec.swift */; };
		D170C83602BFF353FC029ED5 /* Pods.framework in Frameworks */ = {isa = PBXBuildFile; fileRef = 17E9AC86EF1FDB033AC8C828 /* Pods.framework */; };
/* End PBXBuildFile section */

/* Begin PBXContainerItemProxy section */
		C0D420A71C13769B00A9EF85 /* PBXContainerItemProxy */ = {
			isa = PBXContainerItemProxy;
			containerPortal = C0D420921C13769B00A9EF85 /* Project object */;
			proxyType = 1;
			remoteGlobalIDString = C0D4209A1C13769B00A9EF85;
			remoteInfo = Elephant;
		};
/* End PBXContainerItemProxy section */

/* Begin PBXFileReference section */
		17E9AC86EF1FDB033AC8C828 /* Pods.framework */ = {isa = PBXFileReference; explicitFileType = wrapper.framework; includeInIndex = 0; path = Pods.framework; sourceTree = BUILT_PRODUCTS_DIR; };
		707CBAEE41A9F264E256E4CA /* Pods.release.xcconfig */ = {isa = PBXFileReference; includeInIndex = 1; lastKnownFileType = text.xcconfig; name = Pods.release.xcconfig; path = "Pods/Target Support Files/Pods/Pods.release.xcconfig"; sourceTree = "<group>"; };
		AD1168C2B49409CAE9F17829 /* Pods.debug.xcconfig */ = {isa = PBXFileReference; includeInIndex = 1; lastKnownFileType = text.xcconfig; name = Pods.debug.xcconfig; path = "Pods/Target Support Files/Pods/Pods.debug.xcconfig"; sourceTree = "<group>"; };
		C05EFC4A1C167F4C00B27E57 /* Connection.swift */ = {isa = PBXFileReference; fileEncoding = 4; lastKnownFileType = sourcecode.swift; name = Connection.swift; path = ../../Sources/Connection.swift; sourceTree = "<group>"; };
		C05EFC4B1C167F4C00B27E57 /* ConnectionParameters.swift */ = {isa = PBXFileReference; fileEncoding = 4; lastKnownFileType = sourcecode.swift; name = ConnectionParameters.swift; path = ../../Sources/ConnectionParameters.swift; sourceTree = "<group>"; };
		C05EFC4C1C167F4C00B27E57 /* Database.swift */ = {isa = PBXFileReference; fileEncoding = 4; lastKnownFileType = sourcecode.swift; name = Database.swift; path = ../../Sources/Database.swift; sourceTree = "<group>"; };
		C05EFC4D1C167F4C00B27E57 /* Query.swift */ = {isa = PBXFileReference; fileEncoding = 4; lastKnownFileType = sourcecode.swift; name = Query.swift; path = ../../Sources/Query.swift; sourceTree = "<group>"; };
		C05EFC4E1C167F4C00B27E57 /* QueryResult.swift */ = {isa = PBXFileReference; fileEncoding = 4; lastKnownFileType = sourcecode.swift; name = QueryResult.swift; path = ../../Sources/QueryResult.swift; sourceTree = "<group>"; };
		C0D4209B1C13769B00A9EF85 /* Elephant.framework */ = {isa = PBXFileReference; explicitFileType = wrapper.framework; includeInIndex = 0; path = Elephant.framework; sourceTree = BUILT_PRODUCTS_DIR; };
		C0D4209E1C13769B00A9EF85 /* Elephant.h */ = {isa = PBXFileReference; lastKnownFileType = sourcecode.c.h; path = Elephant.h; sourceTree = "<group>"; };
		C0D420A01C13769B00A9EF85 /* Info.plist */ = {isa = PBXFileReference; lastKnownFileType = text.plist.xml; path = Info.plist; sourceTree = "<group>"; };
		C0D420A51C13769B00A9EF85 /* ElephantTests.xctest */ = {isa = PBXFileReference; explicitFileType = wrapper.cfbundle; includeInIndex = 0; path = ElephantTests.xctest; sourceTree = BUILT_PRODUCTS_DIR; };
		C0D420AC1C13769B00A9EF85 /* Info.plist */ = {isa = PBXFileReference; lastKnownFileType = text.plist.xml; path = Info.plist; sourceTree = "<group>"; };
		C0D421091C138C5B00A9EF85 /* libpq.framework */ = {isa = PBXFileReference; lastKnownFileType = wrapper.framework; path = libpq.framework; sourceTree = "<group>"; };
		C0D4211E1C1491D900A9EF85 /* ConnectionSpec.swift */ = {isa = PBXFileReference; fileEncoding = 4; lastKnownFileType = sourcecode.swift; name = ConnectionSpec.swift; path = ../../Tests/ConnectionSpec.swift; sourceTree = "<group>"; };
		C0D4211F1C1491D900A9EF85 /* DatabaseSpec.swift */ = {isa = PBXFileReference; fileEncoding = 4; lastKnownFileType = sourcecode.swift; name = DatabaseSpec.swift; path = ../../Tests/DatabaseSpec.swift; sourceTree = "<group>"; };
/* End PBXFileReference section */

/* Begin PBXFrameworksBuildPhase section */
		C0D420971C13769B00A9EF85 /* Frameworks */ = {
			isa = PBXFrameworksBuildPhase;
			buildActionMask = 2147483647;
			files = (
				D170C83602BFF353FC029ED5 /* Pods.framework in Frameworks */,
				C0D4210A1C138C5B00A9EF85 /* libpq.framework in Frameworks */,
			);
			runOnlyForDeploymentPostprocessing = 0;
		};
		C0D420A21C13769B00A9EF85 /* Frameworks */ = {
			isa = PBXFrameworksBuildPhase;
			buildActionMask = 2147483647;
			files = (
				C0D420A61C13769B00A9EF85 /* Elephant.framework in Frameworks */,
			);
			runOnlyForDeploymentPostprocessing = 0;
		};
/* End PBXFrameworksBuildPhase section */

/* Begin PBXGroup section */
		31A77408FDD2AEB75B25A367 /* Pods */ = {
			isa = PBXGroup;
			children = (
				AD1168C2B49409CAE9F17829 /* Pods.debug.xcconfig */,
				707CBAEE41A9F264E256E4CA /* Pods.release.xcconfig */,
			);
			name = Pods;
			sourceTree = "<group>";
		};
		C0D420911C13769B00A9EF85 = {
			isa = PBXGroup;
			children = (
				C0D4209D1C13769B00A9EF85 /* Elephant */,
				C0D420A91C13769B00A9EF85 /* ElephantTests */,
				C0D4209C1C13769B00A9EF85 /* Products */,
				C0D420B71C1376BB00A9EF85 /* Frameworks */,
				31A77408FDD2AEB75B25A367 /* Pods */,
			);
			sourceTree = "<group>";
		};
		C0D4209C1C13769B00A9EF85 /* Products */ = {
			isa = PBXGroup;
			children = (
				C0D4209B1C13769B00A9EF85 /* Elephant.framework */,
				C0D420A51C13769B00A9EF85 /* ElephantTests.xctest */,
			);
			name = Products;
			sourceTree = "<group>";
		};
		C0D4209D1C13769B00A9EF85 /* Elephant */ = {
			isa = PBXGroup;
			children = (
				C05EFC4A1C167F4C00B27E57 /* Connection.swift */,
				C05EFC4B1C167F4C00B27E57 /* ConnectionParameters.swift */,
				C05EFC4C1C167F4C00B27E57 /* Database.swift */,
				C05EFC4D1C167F4C00B27E57 /* Query.swift */,
				C05EFC4E1C167F4C00B27E57 /* QueryResult.swift */,
				C0D4209E1C13769B00A9EF85 /* Elephant.h */,
				C0D420A01C13769B00A9EF85 /* Info.plist */,
			);
			path = Elephant;
			sourceTree = "<group>";
		};
		C0D420A91C13769B00A9EF85 /* ElephantTests */ = {
			isa = PBXGroup;
			children = (
				C0D4211E1C1491D900A9EF85 /* ConnectionSpec.swift */,
				C0D4211F1C1491D900A9EF85 /* DatabaseSpec.swift */,
				C0D420AC1C13769B00A9EF85 /* Info.plist */,
			);
			path = ElephantTests;
			sourceTree = "<group>";
		};
		C0D420B71C1376BB00A9EF85 /* Frameworks */ = {
			isa = PBXGroup;
			children = (
				C0D421091C138C5B00A9EF85 /* libpq.framework */,
				17E9AC86EF1FDB033AC8C828 /* Pods.framework */,
			);
			name = Frameworks;
			sourceTree = "<group>";
		};
/* End PBXGroup section */

/* Begin PBXHeadersBuildPhase section */
		C0D420981C13769B00A9EF85 /* Headers */ = {
			isa = PBXHeadersBuildPhase;
			buildActionMask = 2147483647;
			files = (
				C0D4209F1C13769B00A9EF85 /* Elephant.h in Headers */,
			);
			runOnlyForDeploymentPostprocessing = 0;
		};
/* End PBXHeadersBuildPhase section */

/* Begin PBXNativeTarget section */
		C0D4209A1C13769B00A9EF85 /* Elephant */ = {
			isa = PBXNativeTarget;
			buildConfigurationList = C0D420AF1C13769B00A9EF85 /* Build configuration list for PBXNativeTarget "Elephant" */;
			buildPhases = (
				4B8B6311AEDE610201959ABB /* Check Pods Manifest.lock */,
				C0D420961C13769B00A9EF85 /* Sources */,
				C0D420971C13769B00A9EF85 /* Frameworks */,
				C0D420981C13769B00A9EF85 /* Headers */,
				C0D420991C13769B00A9EF85 /* Resources */,
				18009599958E89F3EDEA22EE /* Copy Pods Resources */,
				C0D4210D1C138D9800A9EF85 /* Run Script */,
			);
			buildRules = (
			);
			dependencies = (
			);
			name = Elephant;
			productName = Elephant;
			productReference = C0D4209B1C13769B00A9EF85 /* Elephant.framework */;
			productType = "com.apple.product-type.framework";
		};
		C0D420A41C13769B00A9EF85 /* ElephantTests */ = {
			isa = PBXNativeTarget;
			buildConfigurationList = C0D420B21C13769B00A9EF85 /* Build configuration list for PBXNativeTarget "ElephantTests" */;
			buildPhases = (
				C0D420A11C13769B00A9EF85 /* Sources */,
				C0D420A21C13769B00A9EF85 /* Frameworks */,
				C0D420A31C13769B00A9EF85 /* Resources */,
			);
			buildRules = (
			);
			dependencies = (
				C0D420A81C13769B00A9EF85 /* PBXTargetDependency */,
			);
			name = ElephantTests;
			productName = ElephantTests;
			productReference = C0D420A51C13769B00A9EF85 /* ElephantTests.xctest */;
			productType = "com.apple.product-type.bundle.unit-test";
		};
/* End PBXNativeTarget section */

/* Begin PBXProject section */
		C0D420921C13769B00A9EF85 /* Project object */ = {
			isa = PBXProject;
			attributes = {
				LastSwiftUpdateCheck = 0710;
				LastUpgradeCheck = 0710;
				ORGANIZATIONNAME = "Stepan Hruda";
				TargetAttributes = {
					C0D4209A1C13769B00A9EF85 = {
						CreatedOnToolsVersion = 7.1.1;
					};
					C0D420A41C13769B00A9EF85 = {
						CreatedOnToolsVersion = 7.1.1;
					};
				};
			};
			buildConfigurationList = C0D420951C13769B00A9EF85 /* Build configuration list for PBXProject "Elephant" */;
			compatibilityVersion = "Xcode 3.2";
			developmentRegion = English;
			hasScannedForEncodings = 0;
			knownRegions = (
				en,
			);
			mainGroup = C0D420911C13769B00A9EF85;
			productRefGroup = C0D4209C1C13769B00A9EF85 /* Products */;
			projectDirPath = "";
			projectRoot = "";
			targets = (
				C0D4209A1C13769B00A9EF85 /* Elephant */,
				C0D420A41C13769B00A9EF85 /* ElephantTests */,
			);
		};
/* End PBXProject section */

/* Begin PBXResourcesBuildPhase section */
		C0D420991C13769B00A9EF85 /* Resources */ = {
			isa = PBXResourcesBuildPhase;
			buildActionMask = 2147483647;
			files = (
			);
			runOnlyForDeploymentPostprocessing = 0;
		};
		C0D420A31C13769B00A9EF85 /* Resources */ = {
			isa = PBXResourcesBuildPhase;
			buildActionMask = 2147483647;
			files = (
			);
			runOnlyForDeploymentPostprocessing = 0;
		};
/* End PBXResourcesBuildPhase section */

/* Begin PBXShellScriptBuildPhase section */
		18009599958E89F3EDEA22EE /* Copy Pods Resources */ = {
			isa = PBXShellScriptBuildPhase;
			buildActionMask = 2147483647;
			files = (
			);
			inputPaths = (
			);
			name = "Copy Pods Resources";
			outputPaths = (
			);
			runOnlyForDeploymentPostprocessing = 0;
			shellPath = /bin/sh;
			shellScript = "\"${SRCROOT}/Pods/Target Support Files/Pods/Pods-resources.sh\"\n";
			showEnvVarsInLog = 0;
		};
		4B8B6311AEDE610201959ABB /* Check Pods Manifest.lock */ = {
			isa = PBXShellScriptBuildPhase;
			buildActionMask = 2147483647;
			files = (
			);
			inputPaths = (
			);
			name = "Check Pods Manifest.lock";
			outputPaths = (
			);
			runOnlyForDeploymentPostprocessing = 0;
			shellPath = /bin/sh;
			shellScript = "diff \"${PODS_ROOT}/../Podfile.lock\" \"${PODS_ROOT}/Manifest.lock\" > /dev/null\nif [[ $? != 0 ]] ; then\n    cat << EOM\nerror: The sandbox is not in sync with the Podfile.lock. Run 'pod install' or update your CocoaPods installation.\nEOM\n    exit 1\nfi\n";
			showEnvVarsInLog = 0;
		};
		C0D4210D1C138D9800A9EF85 /* Run Script */ = {
			isa = PBXShellScriptBuildPhase;
			buildActionMask = 2147483647;
			files = (
			);
			inputPaths = (
			);
			name = "Run Script";
			outputPaths = (
			);
			runOnlyForDeploymentPostprocessing = 0;
			shellPath = /bin/sh;
			shellScript = "cp -r \"${PROJECT_DIR}/libpq.framework\" \"${BUILT_PRODUCTS_DIR}/libpq.framework\"\n";
		};
/* End PBXShellScriptBuildPhase section */

/* Begin PBXSourcesBuildPhase section */
		C0D420961C13769B00A9EF85 /* Sources */ = {
			isa = PBXSourcesBuildPhase;
			buildActionMask = 2147483647;
			files = (
				C05EFC531C167F4C00B27E57 /* QueryResult.swift in Sources */,
				C05EFC521C167F4C00B27E57 /* Query.swift in Sources */,
				C05EFC511C167F4C00B27E57 /* Database.swift in Sources */,
				C05EFC4F1C167F4C00B27E57 /* Connection.swift in Sources */,
				C05EFC501C167F4C00B27E57 /* ConnectionParameters.swift in Sources */,
			);
			runOnlyForDeploymentPostprocessing = 0;
		};
		C0D420A11C13769B00A9EF85 /* Sources */ = {
			isa = PBXSourcesBuildPhase;
			buildActionMask = 2147483647;
			files = (
				C0D421201C1491D900A9EF85 /* ConnectionSpec.swift in Sources */,
				C0D421211C1491D900A9EF85 /* DatabaseSpec.swift in Sources */,
			);
			runOnlyForDeploymentPostprocessing = 0;
		};
/* End PBXSourcesBuildPhase section */

/* Begin PBXTargetDependency section */
		C0D420A81C13769B00A9EF85 /* PBXTargetDependency */ = {
			isa = PBXTargetDependency;
			target = C0D4209A1C13769B00A9EF85 /* Elephant */;
			targetProxy = C0D420A71C13769B00A9EF85 /* PBXContainerItemProxy */;
		};
/* End PBXTargetDependency section */

/* Begin XCBuildConfiguration section */
		C0D420AD1C13769B00A9EF85 /* Debug */ = {
			isa = XCBuildConfiguration;
			buildSettings = {
				ALWAYS_SEARCH_USER_PATHS = NO;
				CLANG_CXX_LANGUAGE_STANDARD = "gnu++0x";
				CLANG_CXX_LIBRARY = "libc++";
				CLANG_ENABLE_MODULES = YES;
				CLANG_ENABLE_OBJC_ARC = YES;
				CLANG_WARN_BOOL_CONVERSION = YES;
				CLANG_WARN_CONSTANT_CONVERSION = YES;
				CLANG_WARN_DIRECT_OBJC_ISA_USAGE = YES_ERROR;
				CLANG_WARN_EMPTY_BODY = YES;
				CLANG_WARN_ENUM_CONVERSION = YES;
				CLANG_WARN_INT_CONVERSION = YES;
				CLANG_WARN_OBJC_ROOT_CLASS = YES_ERROR;
				CLANG_WARN_UNREACHABLE_CODE = YES;
				CLANG_WARN__DUPLICATE_METHOD_MATCH = YES;
				CODE_SIGN_IDENTITY = "-";
				COPY_PHASE_STRIP = NO;
				CURRENT_PROJECT_VERSION = 1;
				DEBUG_INFORMATION_FORMAT = dwarf;
				ENABLE_STRICT_OBJC_MSGSEND = YES;
				ENABLE_TESTABILITY = YES;
				GCC_C_LANGUAGE_STANDARD = gnu99;
				GCC_DYNAMIC_NO_PIC = NO;
				GCC_NO_COMMON_BLOCKS = YES;
				GCC_OPTIMIZATION_LEVEL = 0;
				GCC_PREPROCESSOR_DEFINITIONS = (
					"DEBUG=1",
					"$(inherited)",
				);
				GCC_WARN_64_TO_32_BIT_CONVERSION = YES;
				GCC_WARN_ABOUT_RETURN_TYPE = YES_ERROR;
				GCC_WARN_UNDECLARED_SELECTOR = YES;
				GCC_WARN_UNINITIALIZED_AUTOS = YES_AGGRESSIVE;
				GCC_WARN_UNUSED_FUNCTION = YES;
				GCC_WARN_UNUSED_VARIABLE = YES;
				MACOSX_DEPLOYMENT_TARGET = 10.11;
				MTL_ENABLE_DEBUG_INFO = YES;
				ONLY_ACTIVE_ARCH = YES;
				SDKROOT = macosx;
				SWIFT_OPTIMIZATION_LEVEL = "-Onone";
				VERSIONING_SYSTEM = "apple-generic";
				VERSION_INFO_PREFIX = "";
			};
			name = Debug;
		};
		C0D420AE1C13769B00A9EF85 /* Release */ = {
			isa = XCBuildConfiguration;
			buildSettings = {
				ALWAYS_SEARCH_USER_PATHS = NO;
				CLANG_CXX_LANGUAGE_STANDARD = "gnu++0x";
				CLANG_CXX_LIBRARY = "libc++";
				CLANG_ENABLE_MODULES = YES;
				CLANG_ENABLE_OBJC_ARC = YES;
				CLANG_WARN_BOOL_CONVERSION = YES;
				CLANG_WARN_CONSTANT_CONVERSION = YES;
				CLANG_WARN_DIRECT_OBJC_ISA_USAGE = YES_ERROR;
				CLANG_WARN_EMPTY_BODY = YES;
				CLANG_WARN_ENUM_CONVERSION = YES;
				CLANG_WARN_INT_CONVERSION = YES;
				CLANG_WARN_OBJC_ROOT_CLASS = YES_ERROR;
				CLANG_WARN_UNREACHABLE_CODE = YES;
				CLANG_WARN__DUPLICATE_METHOD_MATCH = YES;
				CODE_SIGN_IDENTITY = "-";
				COPY_PHASE_STRIP = NO;
				CURRENT_PROJECT_VERSION = 1;
				DEBUG_INFORMATION_FORMAT = "dwarf-with-dsym";
				ENABLE_NS_ASSERTIONS = NO;
				ENABLE_STRICT_OBJC_MSGSEND = YES;
				GCC_C_LANGUAGE_STANDARD = gnu99;
				GCC_NO_COMMON_BLOCKS = YES;
				GCC_WARN_64_TO_32_BIT_CONVERSION = YES;
				GCC_WARN_ABOUT_RETURN_TYPE = YES_ERROR;
				GCC_WARN_UNDECLARED_SELECTOR = YES;
				GCC_WARN_UNINITIALIZED_AUTOS = YES_AGGRESSIVE;
				GCC_WARN_UNUSED_FUNCTION = YES;
				GCC_WARN_UNUSED_VARIABLE = YES;
				MACOSX_DEPLOYMENT_TARGET = 10.11;
				MTL_ENABLE_DEBUG_INFO = NO;
				SDKROOT = macosx;
				VERSIONING_SYSTEM = "apple-generic";
				VERSION_INFO_PREFIX = "";
			};
			name = Release;
		};
		C0D420B01C13769B00A9EF85 /* Debug */ = {
			isa = XCBuildConfiguration;
			baseConfigurationReference = AD1168C2B49409CAE9F17829 /* Pods.debug.xcconfig */;
			buildSettings = {
				CLANG_ENABLE_MODULES = YES;
				COMBINE_HIDPI_IMAGES = YES;
				DEFINES_MODULE = YES;
				DYLIB_COMPATIBILITY_VERSION = 1;
				DYLIB_CURRENT_VERSION = 1;
				DYLIB_INSTALL_NAME_BASE = "@rpath";
				FRAMEWORK_SEARCH_PATHS = (
					"$(inherited)",
					"$(PROJECT_DIR)",
				);
				FRAMEWORK_VERSION = A;
				INFOPLIST_FILE = Elephant/Info.plist;
				INSTALL_PATH = "$(LOCAL_LIBRARY_DIR)/Frameworks";
				LD_RUNPATH_SEARCH_PATHS = "$(inherited) @executable_path/../Frameworks @loader_path/Frameworks";
				PRODUCT_BUNDLE_IDENTIFIER = com.stepanhruda.Elephant;
				PRODUCT_NAME = "$(TARGET_NAME)";
				SKIP_INSTALL = YES;
				SWIFT_OPTIMIZATION_LEVEL = "-Onone";
			};
			name = Debug;
		};
		C0D420B11C13769B00A9EF85 /* Release */ = {
			isa = XCBuildConfiguration;
			baseConfigurationReference = 707CBAEE41A9F264E256E4CA /* Pods.release.xcconfig */;
			buildSettings = {
				CLANG_ENABLE_MODULES = YES;
				COMBINE_HIDPI_IMAGES = YES;
				DEFINES_MODULE = YES;
				DYLIB_COMPATIBILITY_VERSION = 1;
				DYLIB_CURRENT_VERSION = 1;
				DYLIB_INSTALL_NAME_BASE = "@rpath";
				FRAMEWORK_SEARCH_PATHS = (
					"$(inherited)",
					"$(PROJECT_DIR)",
				);
				FRAMEWORK_VERSION = A;
				INFOPLIST_FILE = Elephant/Info.plist;
				INSTALL_PATH = "$(LOCAL_LIBRARY_DIR)/Frameworks";
				LD_RUNPATH_SEARCH_PATHS = "$(inherited) @executable_path/../Frameworks @loader_path/Frameworks";
				PRODUCT_BUNDLE_IDENTIFIER = com.stepanhruda.Elephant;
				PRODUCT_NAME = "$(TARGET_NAME)";
				SKIP_INSTALL = YES;
			};
			name = Release;
		};
		C0D420B31C13769B00A9EF85 /* Debug */ = {
			isa = XCBuildConfiguration;
			buildSettings = {
				CLANG_ENABLE_MODULES = YES;
				COMBINE_HIDPI_IMAGES = YES;
				FRAMEWORK_SEARCH_PATHS = (
					"$(inherited)",
					"$(PROJECT_DIR)",
				);
				INFOPLIST_FILE = ElephantTests/Info.plist;
				LD_RUNPATH_SEARCH_PATHS = "$(inherited) @executable_path/../Frameworks @loader_path/../Frameworks";
				PRODUCT_BUNDLE_IDENTIFIER = com.stepanhruda.ElephantTests;
				PRODUCT_NAME = "$(TARGET_NAME)";
				SWIFT_OPTIMIZATION_LEVEL = "-Onone";
			};
			name = Debug;
		};
		C0D420B41C13769B00A9EF85 /* Release */ = {
			isa = XCBuildConfiguration;
			buildSettings = {
				CLANG_ENABLE_MODULES = YES;
				COMBINE_HIDPI_IMAGES = YES;
				FRAMEWORK_SEARCH_PATHS = (
					"$(inherited)",
					"$(PROJECT_DIR)",
				);
				INFOPLIST_FILE = ElephantTests/Info.plist;
				LD_RUNPATH_SEARCH_PATHS = "$(inherited) @executable_path/../Frameworks @loader_path/../Frameworks";
				PRODUCT_BUNDLE_IDENTIFIER = com.stepanhruda.ElephantTests;
				PRODUCT_NAME = "$(TARGET_NAME)";
			};
			name = Release;
		};
/* End XCBuildConfiguration section */

/* Begin XCConfigurationList section */
		C0D420951C13769B00A9EF85 /* Build configuration list for PBXProject "Elephant" */ = {
			isa = XCConfigurationList;
			buildConfigurations = (
				C0D420AD1C13769B00A9EF85 /* Debug */,
				C0D420AE1C13769B00A9EF85 /* Release */,
			);
			defaultConfigurationIsVisible = 0;
			defaultConfigurationName = Release;
		};
		C0D420AF1C13769B00A9EF85 /* Build configuration list for PBXNativeTarget "Elephant" */ = {
			isa = XCConfigurationList;
			buildConfigurations = (
				C0D420B01C13769B00A9EF85 /* Debug */,
				C0D420B11C13769B00A9EF85 /* Release */,
			);
			defaultConfigurationIsVisible = 0;
			defaultConfigurationName = Release;
		};
		C0D420B21C13769B00A9EF85 /* Build configuration list for PBXNativeTarget "ElephantTests" */ = {
			isa = XCConfigurationList;
			buildConfigurations = (
				C0D420B31C13769B00A9EF85 /* Debug */,
				C0D420B41C13769B00A9EF85 /* Release */,
			);
			defaultConfigurationIsVisible = 0;
			defaultConfigurationName = Release;
		};
/* End XCConfigurationList section */
	};
	rootObject = C0D420921C13769B00A9EF85 /* Project object */;
}
